
Microsoft Visual Studio Solution File, Format Version 12.00
# Visual Studio 14
VisualStudioVersion = 14.0.25420.1
MinimumVisualStudioVersion = 10.0.40219.1
Project("{FAE04EC0-301F-11D3-BF4B-00C04F79EFBC}") = "TaskManager.Portal", "TaskManager.Portal\TaskManager.Portal.csproj", "{F31B9248-70D8-45B8-A6CC-244D25AED708}"
EndProject
Project("{FAE04EC0-301F-11D3-BF4B-00C04F79EFBC}") = "TaskManager.ServiceProxy", "TaskManager.ServiceProxy\TaskManager.ServiceProxy.csproj", "{076E8E95-39F8-49B2-8CD9-C14FA6F25C8A}"
EndProject
Project("{FAE04EC0-301F-11D3-BF4B-00C04F79EFBC}") = "TaskManager.ServiceBus.Handler", "TaskManager.ServiceBus.Handler\TaskManager.ServiceBus.Handler.csproj", "{0BC8D5B9-186C-4BA2-8B03-2F550A355320}"
EndProject
Project("{2150E333-8FDC-42A3-9474-1A3956D46DE8}") = "Servicies", "Servicies", "{683BE85D-C47F-4C71-B260-464A921E2A46}"
EndProject
Project("{FAE04EC0-301F-11D3-BF4B-00C04F79EFBC}") = "TaskManager.Portal.DAL", "TaskManager.Portal.DAL\TaskManager.Portal.DAL.csproj", "{E50E5230-9863-42F9-B315-E5A938283A66}"
EndProject
Project("{FAE04EC0-301F-11D3-BF4B-00C04F79EFBC}") = "TaskManager.Portal.BLL", "TaskManager.Portal.BLL\TaskManager.Portal.BLL.csproj", "{94925898-4CB4-46E1-8943-1F00508EDF1E}"
EndProject
Project("{2150E333-8FDC-42A3-9474-1A3956D46DE8}") = "Portal", "Portal", "{309BEC56-234A-446D-A28B-7F97E7D5795D}"
EndProject
Project("{2150E333-8FDC-42A3-9474-1A3956D46DE8}") = "ServiceBus", "ServiceBus", "{15311E2E-0731-4F51-A387-B5F62963666B}"
EndProject
Project("{FAE04EC0-301F-11D3-BF4B-00C04F79EFBC}") = "TaskManager.ServiceBus.WinService", "TaskManager.ServiceBus.WinService\TaskManager.ServiceBus.WinService.csproj", "{FE3A5B21-E346-4607-BBBD-A3CEA2B8DFC1}"
EndProject
Global
	GlobalSection(SolutionConfigurationPlatforms) = preSolution
		Debug|Any CPU = Debug|Any CPU
		Release|Any CPU = Release|Any CPU
	EndGlobalSection
	GlobalSection(ProjectConfigurationPlatforms) = postSolution
		{F31B9248-70D8-45B8-A6CC-244D25AED708}.Debug|Any CPU.ActiveCfg = Debug|Any CPU
		{F31B9248-70D8-45B8-A6CC-244D25AED708}.Debug|Any CPU.Build.0 = Debug|Any CPU
		{F31B9248-70D8-45B8-A6CC-244D25AED708}.Release|Any CPU.ActiveCfg = Release|Any CPU
		{F31B9248-70D8-45B8-A6CC-244D25AED708}.Release|Any CPU.Build.0 = Release|Any CPU
		{076E8E95-39F8-49B2-8CD9-C14FA6F25C8A}.Debug|Any CPU.ActiveCfg = Debug|Any CPU
		{076E8E95-39F8-49B2-8CD9-C14FA6F25C8A}.Debug|Any CPU.Build.0 = Debug|Any CPU
		{076E8E95-39F8-49B2-8CD9-C14FA6F25C8A}.Release|Any CPU.ActiveCfg = Release|Any CPU
		{076E8E95-39F8-49B2-8CD9-C14FA6F25C8A}.Release|Any CPU.Build.0 = Release|Any CPU
		{0BC8D5B9-186C-4BA2-8B03-2F550A355320}.Debug|Any CPU.ActiveCfg = Debug|Any CPU
		{0BC8D5B9-186C-4BA2-8B03-2F550A355320}.Debug|Any CPU.Build.0 = Debug|Any CPU
		{0BC8D5B9-186C-4BA2-8B03-2F550A355320}.Release|Any CPU.ActiveCfg = Release|Any CPU
		{0BC8D5B9-186C-4BA2-8B03-2F550A355320}.Release|Any CPU.Build.0 = Release|Any CPU
		{E50E5230-9863-42F9-B315-E5A938283A66}.Debug|Any CPU.ActiveCfg = Debug|Any CPU
		{E50E5230-9863-42F9-B315-E5A938283A66}.Debug|Any CPU.Build.0 = Debug|Any CPU
		{E50E5230-9863-42F9-B315-E5A938283A66}.Release|Any CPU.ActiveCfg = Release|Any CPU
		{E50E5230-9863-42F9-B315-E5A938283A66}.Release|Any CPU.Build.0 = Release|Any CPU
		{94925898-4CB4-46E1-8943-1F00508EDF1E}.Debug|Any CPU.ActiveCfg = Debug|Any CPU
		{94925898-4CB4-46E1-8943-1F00508EDF1E}.Debug|Any CPU.Build.0 = Debug|Any CPU
		{94925898-4CB4-46E1-8943-1F00508EDF1E}.Release|Any CPU.ActiveCfg = Release|Any CPU
		{94925898-4CB4-46E1-8943-1F00508EDF1E}.Release|Any CPU.Build.0 = Release|Any CPU
		{FE3A5B21-E346-4607-BBBD-A3CEA2B8DFC1}.Debug|Any CPU.ActiveCfg = Debug|Any CPU
		{FE3A5B21-E346-4607-BBBD-A3CEA2B8DFC1}.Debug|Any CPU.Build.0 = Debug|Any CPU
		{FE3A5B21-E346-4607-BBBD-A3CEA2B8DFC1}.Release|Any CPU.ActiveCfg = Release|Any CPU
		{FE3A5B21-E346-4607-BBBD-A3CEA2B8DFC1}.Release|Any CPU.Build.0 = Release|Any CPU
	EndGlobalSection
	GlobalSection(SolutionProperties) = preSolution
		HideSolutionNode = FALSE
	EndGlobalSection
	GlobalSection(NestedProjects) = preSolution
		{F31B9248-70D8-45B8-A6CC-244D25AED708} = {309BEC56-234A-446D-A28B-7F97E7D5795D}
		{076E8E95-39F8-49B2-8CD9-C14FA6F25C8A} = {683BE85D-C47F-4C71-B260-464A921E2A46}
		{0BC8D5B9-186C-4BA2-8B03-2F550A355320} = {15311E2E-0731-4F51-A387-B5F62963666B}
		{E50E5230-9863-42F9-B315-E5A938283A66} = {309BEC56-234A-446D-A28B-7F97E7D5795D}
		{94925898-4CB4-46E1-8943-1F00508EDF1E} = {309BEC56-234A-446D-A28B-7F97E7D5795D}
		{FE3A5B21-E346-4607-BBBD-A3CEA2B8DFC1} = {15311E2E-0731-4F51-A387-B5F62963666B}
	EndGlobalSection
EndGlobal
